
Microsoft Visual Studio Solution File, Format Version 12.00
# Visual Studio Version 17
VisualStudioVersion = 17.5.33516.290
MinimumVisualStudioVersion = 10.0.40219.1
Project("{8BC9CEB8-8B4A-11D0-8D11-00A0C91BC942}") = "DirectX12Learning", "DirectXTutorials\DirectXTutorials.vcxproj", "{703D804B-BE92-4A71-A847-C4BE0D42BB45}"
	ProjectSection(ProjectDependencies) = postProject
		{A2716535-087A-3DA0-8EA5-F633D7A9144C} = {A2716535-087A-3DA0-8EA5-F633D7A9144C}
	EndProjectSection
EndProject
Project("{8BC9CEB8-8B4A-11D0-8D11-00A0C91BC942}") = "DirectX-Headers", "C:\Users\paion\OneDrive\Documente\GitHub\DirectX-Headers\build\DirectX-Headers.vcxproj", "{A2716535-087A-3DA0-8EA5-F633D7A9144C}"
EndProject
Global
	GlobalSection(SolutionConfigurationPlatforms) = preSolution
		Debug|x64 = Debug|x64
		MinSizeRel|x64 = MinSizeRel|x64
		Release|x64 = Release|x64
		RelWithDebInfo|x64 = RelWithDebInfo|x64
	EndGlobalSection
	GlobalSection(ProjectConfigurationPlatforms) = postSolution
		{703D804B-BE92-4A71-A847-C4BE0D42BB45}.Debug|x64.ActiveCfg = Debug|x64
		{703D804B-BE92-4A71-A847-C4BE0D42BB45}.Debug|x64.Build.0 = Debug|x64
		{703D804B-BE92-4A71-A847-C4BE0D42BB45}.MinSizeRel|x64.ActiveCfg = Release|x64
		{703D804B-BE92-4A71-A847-C4BE0D42BB45}.MinSizeRel|x64.Build.0 = Release|x64
		{703D804B-BE92-4A71-A847-C4BE0D42BB45}.Release|x64.ActiveCfg = Release|x64
		{703D804B-BE92-4A71-A847-C4BE0D42BB45}.Release|x64.Build.0 = Release|x64
		{703D804B-BE92-4A71-A847-C4BE0D42BB45}.RelWithDebInfo|x64.ActiveCfg = Release|x64
		{703D804B-BE92-4A71-A847-C4BE0D42BB45}.RelWithDebInfo|x64.Build.0 = Release|x64
		{A2716535-087A-3DA0-8EA5-F633D7A9144C}.Debug|x64.ActiveCfg = Debug|x64
		{A2716535-087A-3DA0-8EA5-F633D7A9144C}.Debug|x64.Build.0 = Debug|x64
		{A2716535-087A-3DA0-8EA5-F633D7A9144C}.MinSizeRel|x64.ActiveCfg = MinSizeRel|x64
		{A2716535-087A-3DA0-8EA5-F633D7A9144C}.MinSizeRel|x64.Build.0 = MinSizeRel|x64
		{A2716535-087A-3DA0-8EA5-F633D7A9144C}.Release|x64.ActiveCfg = Release|x64
		{A2716535-087A-3DA0-8EA5-F633D7A9144C}.Release|x64.Build.0 = Release|x64
		{A2716535-087A-3DA0-8EA5-F633D7A9144C}.RelWithDebInfo|x64.ActiveCfg = RelWithDebInfo|x64
		{A2716535-087A-3DA0-8EA5-F633D7A9144C}.RelWithDebInfo|x64.Build.0 = RelWithDebInfo|x64
	EndGlobalSection
	GlobalSection(SolutionProperties) = preSolution
		HideSolutionNode = FALSE
	EndGlobalSection
	GlobalSection(ExtensibilityGlobals) = postSolution
		SolutionGuid = {8BCA73AF-8495-46B9-A7C3-B5D3DCDFDFF0}
	EndGlobalSection
EndGlobal
